# THIS IS AN AUTOGENERATED FILE. DO NOT EDIT THIS FILE DIRECTLY.
# yarn lockfile v1


"@types/graphql@^0.13.4":
  version "0.13.4"
  resolved "https://registry.yarnpkg.com/@types/graphql/-/graphql-0.13.4.tgz#55ae9c29f0fd6b85ee536f5c72b4769d5c5e06b1"

"@types/minimist@^1.2.0":
  version "1.2.0"
  resolved "https://registry.yarnpkg.com/@types/minimist/-/minimist-1.2.0.tgz#69a23a3ad29caf0097f06eda59b361ee2f0639f6"

"@types/node@^10.7.1":
  version "10.7.1"
  resolved "https://registry.yarnpkg.com/@types/node/-/node-10.7.1.tgz#b704d7c259aa40ee052eec678758a68d07132a2e"

graphql@^14.0.0-rc.2:
  version "14.0.0-rc.2"
  resolved "https://registry.yarnpkg.com/graphql/-/graphql-14.0.0-rc.2.tgz#a5d6795e6c08b6f04abf471d7c0565b7fa79ea10"
  dependencies:
    iterall "^1.2.2"

iterall@^1.2.2:
  version "1.2.2"
  resolved "https://registry.yarnpkg.com/iterall/-/iterall-1.2.2.tgz#92d70deb8028e0c39ff3164fdbf4d8b088130cd7"

minimist@^1.2.0:
  version "1.2.0"
  resolved "https://registry.yarnpkg.com/minimist/-/minimist-1.2.0.tgz#a35008b20f41383eec1fb914f4cd5df79a264284"

typescript@^3.0.1:
  version "3.0.1"
  resolved "https://registry.yarnpkg.com/typescript/-/typescript-3.0.1.tgz#43738f29585d3a87575520a4b93ab6026ef11fdb"
